// !$*UTF8*$!
{
	archiveVersion = 1;
	classes = {
	};
	objectVersion = 56;
	objects = {

/* Begin PBXBuildFile section */
		A78573782C03B03A00B75BBD /* CryptocurrencyPriceHistory.swift in Sources */ = {isa = PBXBuildFile; fileRef = A78573772C03B03A00B75BBD /* CryptocurrencyPriceHistory.swift */; };
		A785737A2C03B0B300B75BBD /* GetPriceHistoryUseCase.swift in Sources */ = {isa = PBXBuildFile; fileRef = A78573792C03B0B300B75BBD /* GetPriceHistoryUseCase.swift */; };
		A785737C2C03B22A00B75BBD /* CryptocurrencyPriceHistoryRepositoryType.swift in Sources */ = {isa = PBXBuildFile; fileRef = A785737B2C03B22A00B75BBD /* CryptocurrencyPriceHistoryRepositoryType.swift */; };
		A785737E2C03B2EA00B75BBD /* CryptocurrencyPriceRepository.swift in Sources */ = {isa = PBXBuildFile; fileRef = A785737D2C03B2EA00B75BBD /* CryptocurrencyPriceRepository.swift */; };
		A78573802C03C04200B75BBD /* CryptocurrencyPriceHistoryDTO.swift in Sources */ = {isa = PBXBuildFile; fileRef = A785737F2C03C04200B75BBD /* CryptocurrencyPriceHistoryDTO.swift */; };
		A78573822C03C5EB00B75BBD /* APIPriceDataSource.swift in Sources */ = {isa = PBXBuildFile; fileRef = A78573812C03C5EB00B75BBD /* APIPriceDataSource.swift */; };
		A79E92B62C1613B100970DE8 /* CryptoDetailViewModel.swift in Sources */ = {isa = PBXBuildFile; fileRef = A79E92B52C1613B100970DE8 /* CryptoDetailViewModel.swift */; };
		A79E92B82C1613D300970DE8 /* CryptoDetailView.swift in Sources */ = {isa = PBXBuildFile; fileRef = A79E92B72C1613D300970DE8 /* CryptoDetailView.swift */; };
		A79E92BA2C16142C00970DE8 /* CryptoDetailHeaderView.swift in Sources */ = {isa = PBXBuildFile; fileRef = A79E92B92C16142C00970DE8 /* CryptoDetailHeaderView.swift */; };
		A79E92BC2C161A4600970DE8 /* CryptoDetailFactory.swift in Sources */ = {isa = PBXBuildFile; fileRef = A79E92BB2C161A4600970DE8 /* CryptoDetailFactory.swift */; };
		A79E92BE2C161C0600970DE8 /* CreateCryptoDetailView.swift in Sources */ = {isa = PBXBuildFile; fileRef = A79E92BD2C161C0600970DE8 /* CreateCryptoDetailView.swift */; };
		A7A339E02BCD996800A71A4E /* CryptoListItemView.swift in Sources */ = {isa = PBXBuildFile; fileRef = A7A339DF2BCD996800A71A4E /* CryptoListItemView.swift */; };
		A7A339E22BCDA1B200A71A4E /* CryptocurrencyPresentableErrorMapper.swift in Sources */ = {isa = PBXBuildFile; fileRef = A7A339E12BCDA1B200A71A4E /* CryptocurrencyPresentableErrorMapper.swift */; };
		A7A339E42BCDA1D100A71A4E /* CryptoListPresentableItem.swift in Sources */ = {isa = PBXBuildFile; fileRef = A7A339E32BCDA1D100A71A4E /* CryptoListPresentableItem.swift */; };
		A7A71A082BCB6A10006683FA /* CoinGeckoiOSApp.swift in Sources */ = {isa = PBXBuildFile; fileRef = A7A71A072BCB6A10006683FA /* CoinGeckoiOSApp.swift */; };
		A7A71A0A2BCB6A10006683FA /* ContentView.swift in Sources */ = {isa = PBXBuildFile; fileRef = A7A71A092BCB6A10006683FA /* ContentView.swift */; };
		A7A71A0C2BCB6A11006683FA /* Assets.xcassets in Resources */ = {isa = PBXBuildFile; fileRef = A7A71A0B2BCB6A11006683FA /* Assets.xcassets */; };
		A7A71A0F2BCB6A11006683FA /* Preview Assets.xcassets in Resources */ = {isa = PBXBuildFile; fileRef = A7A71A0E2BCB6A11006683FA /* Preview Assets.xcassets */; };
		A7A71A162BCB6AA1006683FA /* Cryptocurrency.swift in Sources */ = {isa = PBXBuildFile; fileRef = A7A71A152BCB6AA1006683FA /* Cryptocurrency.swift */; };
		A7A71A1C2BCB6B4C006683FA /* GetGlobalCryptoListUseCase.swift in Sources */ = {isa = PBXBuildFile; fileRef = A7A71A1B2BCB6B4C006683FA /* GetGlobalCryptoListUseCase.swift */; };
		A7A71A1F2BCB6FF7006683FA /* GlobalCryptoListRepositoryType.swift in Sources */ = {isa = PBXBuildFile; fileRef = A7A71A1E2BCB6FF7006683FA /* GlobalCryptoListRepositoryType.swift */; };
		A7A71A222BCB7013006683FA /* CryptocurrencyDomainError.swift in Sources */ = {isa = PBXBuildFile; fileRef = A7A71A212BCB7013006683FA /* CryptocurrencyDomainError.swift */; };
		A7A71A252BCB70A0006683FA /* CrypticurrencyRepository.swift in Sources */ = {isa = PBXBuildFile; fileRef = A7A71A242BCB70A0006683FA /* CrypticurrencyRepository.swift */; };
		A7A71A272BCB73AF006683FA /* CryptocurrencyBasicDTO.swift in Sources */ = {isa = PBXBuildFile; fileRef = A7A71A262BCB73AF006683FA /* CryptocurrencyBasicDTO.swift */; };
		A7A71A292BCB748A006683FA /* CryptocurrencyPriceDTO.swift in Sources */ = {isa = PBXBuildFile; fileRef = A7A71A282BCB748A006683FA /* CryptocurrencyPriceDTO.swift */; };
		A7A71A2D2BCB762F006683FA /* HTTPClientError.swift in Sources */ = {isa = PBXBuildFile; fileRef = A7A71A2C2BCB762F006683FA /* HTTPClientError.swift */; };
		A7A71A2F2BCB7666006683FA /* ApiDataSourceType.swift in Sources */ = {isa = PBXBuildFile; fileRef = A7A71A2E2BCB7666006683FA /* ApiDataSourceType.swift */; };
		A7A71A312BCC37E0006683FA /* CryptocurrencyDomainMapper.swift in Sources */ = {isa = PBXBuildFile; fileRef = A7A71A302BCC37E0006683FA /* CryptocurrencyDomainMapper.swift */; };
		A7A71A332BCC3800006683FA /* CryptocurrencyBuilder.swift in Sources */ = {isa = PBXBuildFile; fileRef = A7A71A322BCC3800006683FA /* CryptocurrencyBuilder.swift */; };
		A7A71A352BCC3818006683FA /* CryptocurrencyDomainErrorMapper.swift in Sources */ = {isa = PBXBuildFile; fileRef = A7A71A342BCC3818006683FA /* CryptocurrencyDomainErrorMapper.swift */; };
		A7A71A382BCC3837006683FA /* Foundation+Extensions.swift in Sources */ = {isa = PBXBuildFile; fileRef = A7A71A372BCC3837006683FA /* Foundation+Extensions.swift */; };
		A7A71A3A2BCC4294006683FA /* APICryptoDataSource.swift in Sources */ = {isa = PBXBuildFile; fileRef = A7A71A392BCC4294006683FA /* APICryptoDataSource.swift */; };
		A7A71A3C2BCC4938006683FA /* CryptocurrencyGlobalInfoDTO.swift in Sources */ = {isa = PBXBuildFile; fileRef = A7A71A3B2BCC4938006683FA /* CryptocurrencyGlobalInfoDTO.swift */; };
		A7A71A3E2BCC4DE6006683FA /* Endpoint.swift in Sources */ = {isa = PBXBuildFile; fileRef = A7A71A3D2BCC4DE6006683FA /* Endpoint.swift */; };
		A7A71A402BCC4DFA006683FA /* HTTPMethod.swift in Sources */ = {isa = PBXBuildFile; fileRef = A7A71A3F2BCC4DFA006683FA /* HTTPMethod.swift */; };
		A7A71A422BCC50F9006683FA /* HTTPClient.swift in Sources */ = {isa = PBXBuildFile; fileRef = A7A71A412BCC50F9006683FA /* HTTPClient.swift */; };
		A7A71A472BCC5140006683FA /* URLSessionHTTPClient.swift in Sources */ = {isa = PBXBuildFile; fileRef = A7A71A462BCC5140006683FA /* URLSessionHTTPClient.swift */; };
		A7A71A492BCC5957006683FA /* URLSessionErrorResolver.swift in Sources */ = {isa = PBXBuildFile; fileRef = A7A71A482BCC5957006683FA /* URLSessionErrorResolver.swift */; };
		A7A71A4B2BCC596C006683FA /* URLSessionRequestMaker.swift in Sources */ = {isa = PBXBuildFile; fileRef = A7A71A4A2BCC596C006683FA /* URLSessionRequestMaker.swift */; };
		A7A71A4E2BCC69A6006683FA /* GlobalCryptoListViewModel.swift in Sources */ = {isa = PBXBuildFile; fileRef = A7A71A4D2BCC69A6006683FA /* GlobalCryptoListViewModel.swift */; };
		A7A71A512BCC6A92006683FA /* GlobalCryptoListView.swift in Sources */ = {isa = PBXBuildFile; fileRef = A7A71A502BCC6A92006683FA /* GlobalCryptoListView.swift */; };
		A7A71A542BCC74BE006683FA /* GlobalCryptoListFactory.swift in Sources */ = {isa = PBXBuildFile; fileRef = A7A71A532BCC74BE006683FA /* GlobalCryptoListFactory.swift */; };
/* End PBXBuildFile section */

/* Begin PBXFileReference section */
		A78573772C03B03A00B75BBD /* CryptocurrencyPriceHistory.swift */ = {isa = PBXFileReference; lastKnownFileType = sourcecode.swift; path = CryptocurrencyPriceHistory.swift; sourceTree = "<group>"; };
		A78573792C03B0B300B75BBD /* GetPriceHistoryUseCase.swift */ = {isa = PBXFileReference; lastKnownFileType = sourcecode.swift; path = GetPriceHistoryUseCase.swift; sourceTree = "<group>"; };
		A785737B2C03B22A00B75BBD /* CryptocurrencyPriceHistoryRepositoryType.swift */ = {isa = PBXFileReference; lastKnownFileType = sourcecode.swift; path = CryptocurrencyPriceHistoryRepositoryType.swift; sourceTree = "<group>"; };
		A785737D2C03B2EA00B75BBD /* CryptocurrencyPriceRepository.swift */ = {isa = PBXFileReference; lastKnownFileType = sourcecode.swift; path = CryptocurrencyPriceRepository.swift; sourceTree = "<group>"; };
		A785737F2C03C04200B75BBD /* CryptocurrencyPriceHistoryDTO.swift */ = {isa = PBXFileReference; lastKnownFileType = sourcecode.swift; path = CryptocurrencyPriceHistoryDTO.swift; sourceTree = "<group>"; };
		A78573812C03C5EB00B75BBD /* APIPriceDataSource.swift */ = {isa = PBXFileReference; lastKnownFileType = sourcecode.swift; path = APIPriceDataSource.swift; sourceTree = "<group>"; };
		A79E92B52C1613B100970DE8 /* CryptoDetailViewModel.swift */ = {isa = PBXFileReference; lastKnownFileType = sourcecode.swift; path = CryptoDetailViewModel.swift; sourceTree = "<group>"; };
		A79E92B72C1613D300970DE8 /* CryptoDetailView.swift */ = {isa = PBXFileReference; lastKnownFileType = sourcecode.swift; path = CryptoDetailView.swift; sourceTree = "<group>"; };
		A79E92B92C16142C00970DE8 /* CryptoDetailHeaderView.swift */ = {isa = PBXFileReference; lastKnownFileType = sourcecode.swift; path = CryptoDetailHeaderView.swift; sourceTree = "<group>"; };
		A79E92BB2C161A4600970DE8 /* CryptoDetailFactory.swift */ = {isa = PBXFileReference; lastKnownFileType = sourcecode.swift; path = CryptoDetailFactory.swift; sourceTree = "<group>"; };
		A79E92BD2C161C0600970DE8 /* CreateCryptoDetailView.swift */ = {isa = PBXFileReference; lastKnownFileType = sourcecode.swift; path = CreateCryptoDetailView.swift; sourceTree = "<group>"; };
		A7A339DF2BCD996800A71A4E /* CryptoListItemView.swift */ = {isa = PBXFileReference; lastKnownFileType = sourcecode.swift; path = CryptoListItemView.swift; sourceTree = "<group>"; };
		A7A339E12BCDA1B200A71A4E /* CryptocurrencyPresentableErrorMapper.swift */ = {isa = PBXFileReference; lastKnownFileType = sourcecode.swift; path = CryptocurrencyPresentableErrorMapper.swift; sourceTree = "<group>"; };
		A7A339E32BCDA1D100A71A4E /* CryptoListPresentableItem.swift */ = {isa = PBXFileReference; lastKnownFileType = sourcecode.swift; path = CryptoListPresentableItem.swift; sourceTree = "<group>"; };
		A7A71A042BCB6A10006683FA /* CoinGeckoiOS.app */ = {isa = PBXFileReference; explicitFileType = wrapper.application; includeInIndex = 0; path = CoinGeckoiOS.app; sourceTree = BUILT_PRODUCTS_DIR; };
		A7A71A072BCB6A10006683FA /* CoinGeckoiOSApp.swift */ = {isa = PBXFileReference; lastKnownFileType = sourcecode.swift; path = CoinGeckoiOSApp.swift; sourceTree = "<group>"; };
		A7A71A092BCB6A10006683FA /* ContentView.swift */ = {isa = PBXFileReference; lastKnownFileType = sourcecode.swift; path = ContentView.swift; sourceTree = "<group>"; };
		A7A71A0B2BCB6A11006683FA /* Assets.xcassets */ = {isa = PBXFileReference; lastKnownFileType = folder.assetcatalog; path = Assets.xcassets; sourceTree = "<group>"; };
		A7A71A0E2BCB6A11006683FA /* Preview Assets.xcassets */ = {isa = PBXFileReference; lastKnownFileType = folder.assetcatalog; path = "Preview Assets.xcassets"; sourceTree = "<group>"; };
		A7A71A152BCB6AA1006683FA /* Cryptocurrency.swift */ = {isa = PBXFileReference; lastKnownFileType = sourcecode.swift; path = Cryptocurrency.swift; sourceTree = "<group>"; };
		A7A71A1B2BCB6B4C006683FA /* GetGlobalCryptoListUseCase.swift */ = {isa = PBXFileReference; lastKnownFileType = sourcecode.swift; path = GetGlobalCryptoListUseCase.swift; sourceTree = "<group>"; };
		A7A71A1E2BCB6FF7006683FA /* GlobalCryptoListRepositoryType.swift */ = {isa = PBXFileReference; lastKnownFileType = sourcecode.swift; path = GlobalCryptoListRepositoryType.swift; sourceTree = "<group>"; };
		A7A71A212BCB7013006683FA /* CryptocurrencyDomainError.swift */ = {isa = PBXFileReference; lastKnownFileType = sourcecode.swift; path = CryptocurrencyDomainError.swift; sourceTree = "<group>"; };
		A7A71A242BCB70A0006683FA /* CrypticurrencyRepository.swift */ = {isa = PBXFileReference; lastKnownFileType = sourcecode.swift; path = CrypticurrencyRepository.swift; sourceTree = "<group>"; };
		A7A71A262BCB73AF006683FA /* CryptocurrencyBasicDTO.swift */ = {isa = PBXFileReference; lastKnownFileType = sourcecode.swift; path = CryptocurrencyBasicDTO.swift; sourceTree = "<group>"; };
		A7A71A282BCB748A006683FA /* CryptocurrencyPriceDTO.swift */ = {isa = PBXFileReference; lastKnownFileType = sourcecode.swift; path = CryptocurrencyPriceDTO.swift; sourceTree = "<group>"; };
		A7A71A2C2BCB762F006683FA /* HTTPClientError.swift */ = {isa = PBXFileReference; lastKnownFileType = sourcecode.swift; path = HTTPClientError.swift; sourceTree = "<group>"; };
		A7A71A2E2BCB7666006683FA /* ApiDataSourceType.swift */ = {isa = PBXFileReference; lastKnownFileType = sourcecode.swift; path = ApiDataSourceType.swift; sourceTree = "<group>"; };
		A7A71A302BCC37E0006683FA /* CryptocurrencyDomainMapper.swift */ = {isa = PBXFileReference; lastKnownFileType = sourcecode.swift; path = CryptocurrencyDomainMapper.swift; sourceTree = "<group>"; };
		A7A71A322BCC3800006683FA /* CryptocurrencyBuilder.swift */ = {isa = PBXFileReference; lastKnownFileType = sourcecode.swift; path = CryptocurrencyBuilder.swift; sourceTree = "<group>"; };
		A7A71A342BCC3818006683FA /* CryptocurrencyDomainErrorMapper.swift */ = {isa = PBXFileReference; lastKnownFileType = sourcecode.swift; path = CryptocurrencyDomainErrorMapper.swift; sourceTree = "<group>"; };
		A7A71A372BCC3837006683FA /* Foundation+Extensions.swift */ = {isa = PBXFileReference; lastKnownFileType = sourcecode.swift; path = "Foundation+Extensions.swift"; sourceTree = "<group>"; };
		A7A71A392BCC4294006683FA /* APICryptoDataSource.swift */ = {isa = PBXFileReference; lastKnownFileType = sourcecode.swift; path = APICryptoDataSource.swift; sourceTree = "<group>"; };
		A7A71A3B2BCC4938006683FA /* CryptocurrencyGlobalInfoDTO.swift */ = {isa = PBXFileReference; lastKnownFileType = sourcecode.swift; path = CryptocurrencyGlobalInfoDTO.swift; sourceTree = "<group>"; };
		A7A71A3D2BCC4DE6006683FA /* Endpoint.swift */ = {isa = PBXFileReference; lastKnownFileType = sourcecode.swift; path = Endpoint.swift; sourceTree = "<group>"; };
		A7A71A3F2BCC4DFA006683FA /* HTTPMethod.swift */ = {isa = PBXFileReference; lastKnownFileType = sourcecode.swift; path = HTTPMethod.swift; sourceTree = "<group>"; };
		A7A71A412BCC50F9006683FA /* HTTPClient.swift */ = {isa = PBXFileReference; lastKnownFileType = sourcecode.swift; path = HTTPClient.swift; sourceTree = "<group>"; };
		A7A71A462BCC5140006683FA /* URLSessionHTTPClient.swift */ = {isa = PBXFileReference; lastKnownFileType = sourcecode.swift; path = URLSessionHTTPClient.swift; sourceTree = "<group>"; };
		A7A71A482BCC5957006683FA /* URLSessionErrorResolver.swift */ = {isa = PBXFileReference; lastKnownFileType = sourcecode.swift; path = URLSessionErrorResolver.swift; sourceTree = "<group>"; };
		A7A71A4A2BCC596C006683FA /* URLSessionRequestMaker.swift */ = {isa = PBXFileReference; lastKnownFileType = sourcecode.swift; path = URLSessionRequestMaker.swift; sourceTree = "<group>"; };
		A7A71A4D2BCC69A6006683FA /* GlobalCryptoListViewModel.swift */ = {isa = PBXFileReference; lastKnownFileType = sourcecode.swift; path = GlobalCryptoListViewModel.swift; sourceTree = "<group>"; };
		A7A71A502BCC6A92006683FA /* GlobalCryptoListView.swift */ = {isa = PBXFileReference; lastKnownFileType = sourcecode.swift; path = GlobalCryptoListView.swift; sourceTree = "<group>"; };
		A7A71A532BCC74BE006683FA /* GlobalCryptoListFactory.swift */ = {isa = PBXFileReference; lastKnownFileType = sourcecode.swift; path = GlobalCryptoListFactory.swift; sourceTree = "<group>"; };
/* End PBXFileReference section */

/* Begin PBXFrameworksBuildPhase section */
		A7A71A012BCB6A10006683FA /* Frameworks */ = {
			isa = PBXFrameworksBuildPhase;
			buildActionMask = 2147483647;
			files = (
			);
			runOnlyForDeploymentPostprocessing = 0;
		};
/* End PBXFrameworksBuildPhase section */

/* Begin PBXGroup section */
		A78573832C03D1F200B75BBD /* DataSources */ = {
			isa = PBXGroup;
			children = (
				A7A71A2E2BCB7666006683FA /* ApiDataSourceType.swift */,
				A7A71A392BCC4294006683FA /* APICryptoDataSource.swift */,
				A78573812C03C5EB00B75BBD /* APIPriceDataSource.swift */,
			);
			path = DataSources;
			sourceTree = "<group>";
		};
		A7A719FB2BCB6A10006683FA = {
			isa = PBXGroup;
			children = (
				A7A71A062BCB6A10006683FA /* CoinGeckoiOS */,
				A7A71A052BCB6A10006683FA /* Products */,
			);
			sourceTree = "<group>";
		};
		A7A71A052BCB6A10006683FA /* Products */ = {
			isa = PBXGroup;
			children = (
				A7A71A042BCB6A10006683FA /* CoinGeckoiOS.app */,
			);
			name = Products;
			sourceTree = "<group>";
		};
		A7A71A062BCB6A10006683FA /* CoinGeckoiOS */ = {
			isa = PBXGroup;
			children = (
				A7A71A522BCC74AB006683FA /* compositionRoot */,
				A7A71A4C2BCC698B006683FA /* presentation */,
				A7A71A362BCC3826006683FA /* core */,
				A7A71A192BCB6B2B006683FA /* data */,
				A7A71A172BCB6AA6006683FA /* domain */,
				A7A71A072BCB6A10006683FA /* CoinGeckoiOSApp.swift */,
				A7A71A092BCB6A10006683FA /* ContentView.swift */,
				A7A71A0B2BCB6A11006683FA /* Assets.xcassets */,
				A7A71A0D2BCB6A11006683FA /* Preview Content */,
			);
			path = CoinGeckoiOS;
			sourceTree = "<group>";
		};
		A7A71A0D2BCB6A11006683FA /* Preview Content */ = {
			isa = PBXGroup;
			children = (
				A7A71A0E2BCB6A11006683FA /* Preview Assets.xcassets */,
			);
			path = "Preview Content";
			sourceTree = "<group>";
		};
		A7A71A172BCB6AA6006683FA /* domain */ = {
			isa = PBXGroup;
			children = (
				A7A71A1D2BCB6FE9006683FA /* interfaces */,
				A7A71A1A2BCB6B38006683FA /* useCases */,
				A7A71A182BCB6AAF006683FA /* entities */,
			);
			path = domain;
			sourceTree = "<group>";
		};
		A7A71A182BCB6AAF006683FA /* entities */ = {
			isa = PBXGroup;
			children = (
				A7A71A152BCB6AA1006683FA /* Cryptocurrency.swift */,
				A78573772C03B03A00B75BBD /* CryptocurrencyPriceHistory.swift */,
			);
			path = entities;
			sourceTree = "<group>";
		};
		A7A71A192BCB6B2B006683FA /* data */ = {
			isa = PBXGroup;
			children = (
				A7A71A2B2BCB7615006683FA /* network */,
				A7A71A2A2BCB75EA006683FA /* dto */,
				A7A71A232BCB7093006683FA /* repository */,
				A7A71A302BCC37E0006683FA /* CryptocurrencyDomainMapper.swift */,
				A7A71A322BCC3800006683FA /* CryptocurrencyBuilder.swift */,
				A7A71A342BCC3818006683FA /* CryptocurrencyDomainErrorMapper.swift */,
			);
			path = data;
			sourceTree = "<group>";
		};
		A7A71A1A2BCB6B38006683FA /* useCases */ = {
			isa = PBXGroup;
			children = (
				A7A71A1B2BCB6B4C006683FA /* GetGlobalCryptoListUseCase.swift */,
				A78573792C03B0B300B75BBD /* GetPriceHistoryUseCase.swift */,
			);
			path = useCases;
			sourceTree = "<group>";
		};
		A7A71A1D2BCB6FE9006683FA /* interfaces */ = {
			isa = PBXGroup;
			children = (
				A7A71A1E2BCB6FF7006683FA /* GlobalCryptoListRepositoryType.swift */,
				A7A71A212BCB7013006683FA /* CryptocurrencyDomainError.swift */,
				A785737B2C03B22A00B75BBD /* CryptocurrencyPriceHistoryRepositoryType.swift */,
			);
			path = interfaces;
			sourceTree = "<group>";
		};
		A7A71A232BCB7093006683FA /* repository */ = {
			isa = PBXGroup;
			children = (
				A7A71A242BCB70A0006683FA /* CrypticurrencyRepository.swift */,
				A785737D2C03B2EA00B75BBD /* CryptocurrencyPriceRepository.swift */,
			);
			path = repository;
			sourceTree = "<group>";
		};
		A7A71A2A2BCB75EA006683FA /* dto */ = {
			isa = PBXGroup;
			children = (
				A7A71A262BCB73AF006683FA /* CryptocurrencyBasicDTO.swift */,
				A7A71A282BCB748A006683FA /* CryptocurrencyPriceDTO.swift */,
				A7A71A3B2BCC4938006683FA /* CryptocurrencyGlobalInfoDTO.swift */,
				A785737F2C03C04200B75BBD /* CryptocurrencyPriceHistoryDTO.swift */,
			);
			path = dto;
			sourceTree = "<group>";
		};
		A7A71A2B2BCB7615006683FA /* network */ = {
			isa = PBXGroup;
			children = (
				A78573832C03D1F200B75BBD /* DataSources */,
				A7A71A3D2BCC4DE6006683FA /* Endpoint.swift */,
				A7A71A412BCC50F9006683FA /* HTTPClient.swift */,
				A7A71A2C2BCB762F006683FA /* HTTPClientError.swift */,
				A7A71A3F2BCC4DFA006683FA /* HTTPMethod.swift */,
			);
			path = network;
			sourceTree = "<group>";
		};
		A7A71A362BCC3826006683FA /* core */ = {
			isa = PBXGroup;
			children = (
				A7A71A432BCC5122006683FA /* network */,
				A7A71A372BCC3837006683FA /* Foundation+Extensions.swift */,
			);
			path = core;
			sourceTree = "<group>";
		};
		A7A71A432BCC5122006683FA /* network */ = {
			isa = PBXGroup;
			children = (
				A7A71A462BCC5140006683FA /* URLSessionHTTPClient.swift */,
				A7A71A482BCC5957006683FA /* URLSessionErrorResolver.swift */,
				A7A71A4A2BCC596C006683FA /* URLSessionRequestMaker.swift */,
			);
			path = network;
			sourceTree = "<group>";
		};
		A7A71A4C2BCC698B006683FA /* presentation */ = {
			isa = PBXGroup;
			children = (
				A7A71A4F2BCC6A88006683FA /* ui */,
				A7A71A4D2BCC69A6006683FA /* GlobalCryptoListViewModel.swift */,
				A7A339E12BCDA1B200A71A4E /* CryptocurrencyPresentableErrorMapper.swift */,
				A79E92B52C1613B100970DE8 /* CryptoDetailViewModel.swift */,
			);
			path = presentation;
			sourceTree = "<group>";
		};
		A7A71A4F2BCC6A88006683FA /* ui */ = {
			isa = PBXGroup;
			children = (
				A7A71A502BCC6A92006683FA /* GlobalCryptoListView.swift */,
				A7A339DF2BCD996800A71A4E /* CryptoListItemView.swift */,
				A7A339E32BCDA1D100A71A4E /* CryptoListPresentableItem.swift */,
				A79E92B72C1613D300970DE8 /* CryptoDetailView.swift */,
				A79E92B92C16142C00970DE8 /* CryptoDetailHeaderView.swift */,
				A79E92BD2C161C0600970DE8 /* CreateCryptoDetailView.swift */,
			);
			path = ui;
			sourceTree = "<group>";
		};
		A7A71A522BCC74AB006683FA /* compositionRoot */ = {
			isa = PBXGroup;
			children = (
				A7A71A532BCC74BE006683FA /* GlobalCryptoListFactory.swift */,
				A79E92BB2C161A4600970DE8 /* CryptoDetailFactory.swift */,
			);
			path = compositionRoot;
			sourceTree = "<group>";
		};
/* End PBXGroup section */

/* Begin PBXNativeTarget section */
		A7A71A032BCB6A10006683FA /* CoinGeckoiOS */ = {
			isa = PBXNativeTarget;
			buildConfigurationList = A7A71A122BCB6A11006683FA /* Build configuration list for PBXNativeTarget "CoinGeckoiOS" */;
			buildPhases = (
				A7A71A002BCB6A10006683FA /* Sources */,
				A7A71A012BCB6A10006683FA /* Frameworks */,
				A7A71A022BCB6A10006683FA /* Resources */,
			);
			buildRules = (
			);
			dependencies = (
			);
			name = CoinGeckoiOS;
			productName = CoinGeckoiOS;
			productReference = A7A71A042BCB6A10006683FA /* CoinGeckoiOS.app */;
			productType = "com.apple.product-type.application";
		};
/* End PBXNativeTarget section */

/* Begin PBXProject section */
		A7A719FC2BCB6A10006683FA /* Project object */ = {
			isa = PBXProject;
			attributes = {
				BuildIndependentTargetsInParallel = 1;
				LastSwiftUpdateCheck = 1530;
				LastUpgradeCheck = 1530;
				TargetAttributes = {
					A7A71A032BCB6A10006683FA = {
						CreatedOnToolsVersion = 15.3;
					};
				};
			};
			buildConfigurationList = A7A719FF2BCB6A10006683FA /* Build configuration list for PBXProject "CoinGeckoiOS" */;
			compatibilityVersion = "Xcode 14.0";
			developmentRegion = en;
			hasScannedForEncodings = 0;
			knownRegions = (
				en,
				Base,
			);
			mainGroup = A7A719FB2BCB6A10006683FA;
			productRefGroup = A7A71A052BCB6A10006683FA /* Products */;
			projectDirPath = "";
			projectRoot = "";
			targets = (
				A7A71A032BCB6A10006683FA /* CoinGeckoiOS */,
			);
		};
/* End PBXProject section */

/* Begin PBXResourcesBuildPhase section */
		A7A71A022BCB6A10006683FA /* Resources */ = {
			isa = PBXResourcesBuildPhase;
			buildActionMask = 2147483647;
			files = (
				A7A71A0F2BCB6A11006683FA /* Preview Assets.xcassets in Resources */,
				A7A71A0C2BCB6A11006683FA /* Assets.xcassets in Resources */,
			);
			runOnlyForDeploymentPostprocessing = 0;
		};
/* End PBXResourcesBuildPhase section */

/* Begin PBXSourcesBuildPhase section */
		A7A71A002BCB6A10006683FA /* Sources */ = {
			isa = PBXSourcesBuildPhase;
			buildActionMask = 2147483647;
			files = (
				A7A71A402BCC4DFA006683FA /* HTTPMethod.swift in Sources */,
				A7A71A1C2BCB6B4C006683FA /* GetGlobalCryptoListUseCase.swift in Sources */,
				A7A71A512BCC6A92006683FA /* GlobalCryptoListView.swift in Sources */,
				A79E92BA2C16142C00970DE8 /* CryptoDetailHeaderView.swift in Sources */,
				A7A71A0A2BCB6A10006683FA /* ContentView.swift in Sources */,
				A7A71A162BCB6AA1006683FA /* Cryptocurrency.swift in Sources */,
				A7A71A292BCB748A006683FA /* CryptocurrencyPriceDTO.swift in Sources */,
				A7A71A542BCC74BE006683FA /* GlobalCryptoListFactory.swift in Sources */,
				A79E92B82C1613D300970DE8 /* CryptoDetailView.swift in Sources */,
				A7A71A1F2BCB6FF7006683FA /* GlobalCryptoListRepositoryType.swift in Sources */,
				A7A71A422BCC50F9006683FA /* HTTPClient.swift in Sources */,
				A7A339E22BCDA1B200A71A4E /* CryptocurrencyPresentableErrorMapper.swift in Sources */,
				A78573802C03C04200B75BBD /* CryptocurrencyPriceHistoryDTO.swift in Sources */,
				A7A71A272BCB73AF006683FA /* CryptocurrencyBasicDTO.swift in Sources */,
				A785737E2C03B2EA00B75BBD /* CryptocurrencyPriceRepository.swift in Sources */,
				A7A71A222BCB7013006683FA /* CryptocurrencyDomainError.swift in Sources */,
				A7A71A2D2BCB762F006683FA /* HTTPClientError.swift in Sources */,
				A7A71A382BCC3837006683FA /* Foundation+Extensions.swift in Sources */,
				A78573782C03B03A00B75BBD /* CryptocurrencyPriceHistory.swift in Sources */,
				A7A71A492BCC5957006683FA /* URLSessionErrorResolver.swift in Sources */,
				A7A71A312BCC37E0006683FA /* CryptocurrencyDomainMapper.swift in Sources */,
				A78573822C03C5EB00B75BBD /* APIPriceDataSource.swift in Sources */,
				A79E92BC2C161A4600970DE8 /* CryptoDetailFactory.swift in Sources */,
				A7A71A3E2BCC4DE6006683FA /* Endpoint.swift in Sources */,
				A7A71A3A2BCC4294006683FA /* APICryptoDataSource.swift in Sources */,
				A7A71A472BCC5140006683FA /* URLSessionHTTPClient.swift in Sources */,
				A785737A2C03B0B300B75BBD /* GetPriceHistoryUseCase.swift in Sources */,
				A7A71A4B2BCC596C006683FA /* URLSessionRequestMaker.swift in Sources */,
				A7A71A2F2BCB7666006683FA /* ApiDataSourceType.swift in Sources */,
				A7A339E42BCDA1D100A71A4E /* CryptoListPresentableItem.swift in Sources */,
				A79E92B62C1613B100970DE8 /* CryptoDetailViewModel.swift in Sources */,
				A7A71A3C2BCC4938006683FA /* CryptocurrencyGlobalInfoDTO.swift in Sources */,
				A7A71A252BCB70A0006683FA /* CrypticurrencyRepository.swift in Sources */,
				A7A71A4E2BCC69A6006683FA /* GlobalCryptoListViewModel.swift in Sources */,
				A79E92BE2C161C0600970DE8 /* CreateCryptoDetailView.swift in Sources */,
				A7A71A352BCC3818006683FA /* CryptocurrencyDomainErrorMapper.swift in Sources */,
				A785737C2C03B22A00B75BBD /* CryptocurrencyPriceHistoryRepositoryType.swift in Sources */,
				A7A71A082BCB6A10006683FA /* CoinGeckoiOSApp.swift in Sources */,
				A7A339E02BCD996800A71A4E /* CryptoListItemView.swift in Sources */,
				A7A71A332BCC3800006683FA /* CryptocurrencyBuilder.swift in Sources */,
			);
			runOnlyForDeploymentPostprocessing = 0;
		};
/* End PBXSourcesBuildPhase section */

/* Begin XCBuildConfiguration section */
		A7A71A102BCB6A11006683FA /* Debug */ = {
			isa = XCBuildConfiguration;
			buildSettings = {
				ALWAYS_SEARCH_USER_PATHS = NO;
				ASSETCATALOG_COMPILER_GENERATE_SWIFT_ASSET_SYMBOL_EXTENSIONS = YES;
				CLANG_ANALYZER_NONNULL = YES;
				CLANG_ANALYZER_NUMBER_OBJECT_CONVERSION = YES_AGGRESSIVE;
				CLANG_CXX_LANGUAGE_STANDARD = "gnu++20";
				CLANG_ENABLE_MODULES = YES;
				CLANG_ENABLE_OBJC_ARC = YES;
				CLANG_ENABLE_OBJC_WEAK = YES;
				CLANG_WARN_BLOCK_CAPTURE_AUTORELEASING = YES;
				CLANG_WARN_BOOL_CONVERSION = YES;
				CLANG_WARN_COMMA = YES;
				CLANG_WARN_CONSTANT_CONVERSION = YES;
				CLANG_WARN_DEPRECATED_OBJC_IMPLEMENTATIONS = YES;
				CLANG_WARN_DIRECT_OBJC_ISA_USAGE = YES_ERROR;
				CLANG_WARN_DOCUMENTATION_COMMENTS = YES;
				CLANG_WARN_EMPTY_BODY = YES;
				CLANG_WARN_ENUM_CONVERSION = YES;
				CLANG_WARN_INFINITE_RECURSION = YES;
				CLANG_WARN_INT_CONVERSION = YES;
				CLANG_WARN_NON_LITERAL_NULL_CONVERSION = YES;
				CLANG_WARN_OBJC_IMPLICIT_RETAIN_SELF = YES;
				CLANG_WARN_OBJC_LITERAL_CONVERSION = YES;
				CLANG_WARN_OBJC_ROOT_CLASS = YES_ERROR;
				CLANG_WARN_QUOTED_INCLUDE_IN_FRAMEWORK_HEADER = YES;
				CLANG_WARN_RANGE_LOOP_ANALYSIS = YES;
				CLANG_WARN_STRICT_PROTOTYPES = YES;
				CLANG_WARN_SUSPICIOUS_MOVE = YES;
				CLANG_WARN_UNGUARDED_AVAILABILITY = YES_AGGRESSIVE;
				CLANG_WARN_UNREACHABLE_CODE = YES;
				CLANG_WARN__DUPLICATE_METHOD_MATCH = YES;
				COPY_PHASE_STRIP = NO;
				DEBUG_INFORMATION_FORMAT = dwarf;
				ENABLE_STRICT_OBJC_MSGSEND = YES;
				ENABLE_TESTABILITY = YES;
				ENABLE_USER_SCRIPT_SANDBOXING = YES;
				GCC_C_LANGUAGE_STANDARD = gnu17;
				GCC_DYNAMIC_NO_PIC = NO;
				GCC_NO_COMMON_BLOCKS = YES;
				GCC_OPTIMIZATION_LEVEL = 0;
				GCC_PREPROCESSOR_DEFINITIONS = (
					"DEBUG=1",
					"$(inherited)",
				);
				GCC_WARN_64_TO_32_BIT_CONVERSION = YES;
				GCC_WARN_ABOUT_RETURN_TYPE = YES_ERROR;
				GCC_WARN_UNDECLARED_SELECTOR = YES;
				GCC_WARN_UNINITIALIZED_AUTOS = YES_AGGRESSIVE;
				GCC_WARN_UNUSED_FUNCTION = YES;
				GCC_WARN_UNUSED_VARIABLE = YES;
				IPHONEOS_DEPLOYMENT_TARGET = 17.4;
				LOCALIZATION_PREFERS_STRING_CATALOGS = YES;
				MTL_ENABLE_DEBUG_INFO = INCLUDE_SOURCE;
				MTL_FAST_MATH = YES;
				ONLY_ACTIVE_ARCH = YES;
				SDKROOT = iphoneos;
				SWIFT_ACTIVE_COMPILATION_CONDITIONS = "DEBUG $(inherited)";
				SWIFT_OPTIMIZATION_LEVEL = "-Onone";
			};
			name = Debug;
		};
		A7A71A112BCB6A11006683FA /* Release */ = {
			isa = XCBuildConfiguration;
			buildSettings = {
				ALWAYS_SEARCH_USER_PATHS = NO;
				ASSETCATALOG_COMPILER_GENERATE_SWIFT_ASSET_SYMBOL_EXTENSIONS = YES;
				CLANG_ANALYZER_NONNULL = YES;
				CLANG_ANALYZER_NUMBER_OBJECT_CONVERSION = YES_AGGRESSIVE;
				CLANG_CXX_LANGUAGE_STANDARD = "gnu++20";
				CLANG_ENABLE_MODULES = YES;
				CLANG_ENABLE_OBJC_ARC = YES;
				CLANG_ENABLE_OBJC_WEAK = YES;
				CLANG_WARN_BLOCK_CAPTURE_AUTORELEASING = YES;
				CLANG_WARN_BOOL_CONVERSION = YES;
				CLANG_WARN_COMMA = YES;
				CLANG_WARN_CONSTANT_CONVERSION = YES;
				CLANG_WARN_DEPRECATED_OBJC_IMPLEMENTATIONS = YES;
				CLANG_WARN_DIRECT_OBJC_ISA_USAGE = YES_ERROR;
				CLANG_WARN_DOCUMENTATION_COMMENTS = YES;
				CLANG_WARN_EMPTY_BODY = YES;
				CLANG_WARN_ENUM_CONVERSION = YES;
				CLANG_WARN_INFINITE_RECURSION = YES;
				CLANG_WARN_INT_CONVERSION = YES;
				CLANG_WARN_NON_LITERAL_NULL_CONVERSION = YES;
				CLANG_WARN_OBJC_IMPLICIT_RETAIN_SELF = YES;
				CLANG_WARN_OBJC_LITERAL_CONVERSION = YES;
				CLANG_WARN_OBJC_ROOT_CLASS = YES_ERROR;
				CLANG_WARN_QUOTED_INCLUDE_IN_FRAMEWORK_HEADER = YES;
				CLANG_WARN_RANGE_LOOP_ANALYSIS = YES;
				CLANG_WARN_STRICT_PROTOTYPES = YES;
				CLANG_WARN_SUSPICIOUS_MOVE = YES;
				CLANG_WARN_UNGUARDED_AVAILABILITY = YES_AGGRESSIVE;
				CLANG_WARN_UNREACHABLE_CODE = YES;
				CLANG_WARN__DUPLICATE_METHOD_MATCH = YES;
				COPY_PHASE_STRIP = NO;
				DEBUG_INFORMATION_FORMAT = "dwarf-with-dsym";
				ENABLE_NS_ASSERTIONS = NO;
				ENABLE_STRICT_OBJC_MSGSEND = YES;
				ENABLE_USER_SCRIPT_SANDBOXING = YES;
				GCC_C_LANGUAGE_STANDARD = gnu17;
				GCC_NO_COMMON_BLOCKS = YES;
				GCC_WARN_64_TO_32_BIT_CONVERSION = YES;
				GCC_WARN_ABOUT_RETURN_TYPE = YES_ERROR;
				GCC_WARN_UNDECLARED_SELECTOR = YES;
				GCC_WARN_UNINITIALIZED_AUTOS = YES_AGGRESSIVE;
				GCC_WARN_UNUSED_FUNCTION = YES;
				GCC_WARN_UNUSED_VARIABLE = YES;
				IPHONEOS_DEPLOYMENT_TARGET = 17.4;
				LOCALIZATION_PREFERS_STRING_CATALOGS = YES;
				MTL_ENABLE_DEBUG_INFO = NO;
				MTL_FAST_MATH = YES;
				SDKROOT = iphoneos;
				SWIFT_COMPILATION_MODE = wholemodule;
				VALIDATE_PRODUCT = YES;
			};
			name = Release;
		};
		A7A71A132BCB6A11006683FA /* Debug */ = {
			isa = XCBuildConfiguration;
			buildSettings = {
				ASSETCATALOG_COMPILER_APPICON_NAME = AppIcon;
				ASSETCATALOG_COMPILER_GLOBAL_ACCENT_COLOR_NAME = AccentColor;
				CODE_SIGN_STYLE = Automatic;
				CURRENT_PROJECT_VERSION = 1;
				DEVELOPMENT_ASSET_PATHS = "\"CoinGeckoiOS/Preview Content\"";
				DEVELOPMENT_TEAM = H963Q7AA95;
				ENABLE_PREVIEWS = YES;
				GENERATE_INFOPLIST_FILE = YES;
				INFOPLIST_KEY_UIApplicationSceneManifest_Generation = YES;
				INFOPLIST_KEY_UIApplicationSupportsIndirectInputEvents = YES;
				INFOPLIST_KEY_UILaunchScreen_Generation = YES;
				INFOPLIST_KEY_UISupportedInterfaceOrientations_iPad = "UIInterfaceOrientationPortrait UIInterfaceOrientationPortraitUpsideDown UIInterfaceOrientationLandscapeLeft UIInterfaceOrientationLandscapeRight";
				INFOPLIST_KEY_UISupportedInterfaceOrientations_iPhone = "UIInterfaceOrientationPortrait UIInterfaceOrientationLandscapeLeft UIInterfaceOrientationLandscapeRight";
				LD_RUNPATH_SEARCH_PATHS = (
					"$(inherited)",
					"@executable_path/Frameworks",
				);
				MARKETING_VERSION = 1.0;
				PRODUCT_BUNDLE_IDENTIFIER = com.leonardo.CoinGeckoiOS;
				PRODUCT_NAME = "$(TARGET_NAME)";
				SWIFT_EMIT_LOC_STRINGS = YES;
				SWIFT_VERSION = 5.0;
				TARGETED_DEVICE_FAMILY = "1,2";
			};
			name = Debug;
		};
		A7A71A142BCB6A11006683FA /* Release */ = {
			isa = XCBuildConfiguration;
			buildSettings = {
				ASSETCATALOG_COMPILER_APPICON_NAME = AppIcon;
				ASSETCATALOG_COMPILER_GLOBAL_ACCENT_COLOR_NAME = AccentColor;
				CODE_SIGN_STYLE = Automatic;
				CURRENT_PROJECT_VERSION = 1;
				DEVELOPMENT_ASSET_PATHS = "\"CoinGeckoiOS/Preview Content\"";
				DEVELOPMENT_TEAM = H963Q7AA95;
				ENABLE_PREVIEWS = YES;
				GENERATE_INFOPLIST_FILE = YES;
				INFOPLIST_KEY_UIApplicationSceneManifest_Generation = YES;
				INFOPLIST_KEY_UIApplicationSupportsIndirectInputEvents = YES;
				INFOPLIST_KEY_UILaunchScreen_Generation = YES;
				INFOPLIST_KEY_UISupportedInterfaceOrientations_iPad = "UIInterfaceOrientationPortrait UIInterfaceOrientationPortraitUpsideDown UIInterfaceOrientationLandscapeLeft UIInterfaceOrientationLandscapeRight";
				INFOPLIST_KEY_UISupportedInterfaceOrientations_iPhone = "UIInterfaceOrientationPortrait UIInterfaceOrientationLandscapeLeft UIInterfaceOrientationLandscapeRight";
				LD_RUNPATH_SEARCH_PATHS = (
					"$(inherited)",
					"@executable_path/Frameworks",
				);
				MARKETING_VERSION = 1.0;
				PRODUCT_BUNDLE_IDENTIFIER = com.leonardo.CoinGeckoiOS;
				PRODUCT_NAME = "$(TARGET_NAME)";
				SWIFT_EMIT_LOC_STRINGS = YES;
				SWIFT_VERSION = 5.0;
				TARGETED_DEVICE_FAMILY = "1,2";
			};
			name = Release;
		};
/* End XCBuildConfiguration section */

/* Begin XCConfigurationList section */
		A7A719FF2BCB6A10006683FA /* Build configuration list for PBXProject "CoinGeckoiOS" */ = {
			isa = XCConfigurationList;
			buildConfigurations = (
				A7A71A102BCB6A11006683FA /* Debug */,
				A7A71A112BCB6A11006683FA /* Release */,
			);
			defaultConfigurationIsVisible = 0;
			defaultConfigurationName = Release;
		};
		A7A71A122BCB6A11006683FA /* Build configuration list for PBXNativeTarget "CoinGeckoiOS" */ = {
			isa = XCConfigurationList;
			buildConfigurations = (
				A7A71A132BCB6A11006683FA /* Debug */,
				A7A71A142BCB6A11006683FA /* Release */,
			);
			defaultConfigurationIsVisible = 0;
			defaultConfigurationName = Release;
		};
/* End XCConfigurationList section */
	};
	rootObject = A7A719FC2BCB6A10006683FA /* Project object */;
}
